// !$*UTF8*$!
{
	archiveVersion = 1;
	classes = {
	};
	objectVersion = 50;
	objects = {

/* Begin PBXBuildFile section */
		4F80DA1E241E11C80028F65D /* SearchViewController.swift in Sources */ = {isa = PBXBuildFile; fileRef = 4F80DA1D241E11C80028F65D /* SearchViewController.swift */; };
		4F96501E241605EE003AF7E7 /* AppDelegate.swift in Sources */ = {isa = PBXBuildFile; fileRef = 4F96501D241605EE003AF7E7 /* AppDelegate.swift */; };
		4F965020241605EE003AF7E7 /* SceneDelegate.swift in Sources */ = {isa = PBXBuildFile; fileRef = 4F96501F241605EE003AF7E7 /* SceneDelegate.swift */; };
		4F965022241605EE003AF7E7 /* FirstViewController.swift in Sources */ = {isa = PBXBuildFile; fileRef = 4F965021241605EE003AF7E7 /* FirstViewController.swift */; };
		4F965027241605EE003AF7E7 /* Main.storyboard in Resources */ = {isa = PBXBuildFile; fileRef = 4F965025241605EE003AF7E7 /* Main.storyboard */; };
		4F96502A241605EE003AF7E7 /* Instant_Meal.xcdatamodeld in Sources */ = {isa = PBXBuildFile; fileRef = 4F965028241605EE003AF7E7 /* Instant_Meal.xcdatamodeld */; };
		4F96502C241605F1003AF7E7 /* Assets.xcassets in Resources */ = {isa = PBXBuildFile; fileRef = 4F96502B241605F1003AF7E7 /* Assets.xcassets */; };
		4F96502F241605F1003AF7E7 /* LaunchScreen.storyboard in Resources */ = {isa = PBXBuildFile; fileRef = 4F96502D241605F1003AF7E7 /* LaunchScreen.storyboard */; };
		4F96503724161164003AF7E7 /* AccountViewController.swift in Sources */ = {isa = PBXBuildFile; fileRef = 4F96503624161164003AF7E7 /* AccountViewController.swift */; };
		4F96503D24162769003AF7E7 /* AccountTableViewController.swift in Sources */ = {isa = PBXBuildFile; fileRef = 4F96503C24162769003AF7E7 /* AccountTableViewController.swift */; };
		66133F9A159D6B25CE92C23F /* Pods_Instant_Meal.framework in Frameworks */ = {isa = PBXBuildFile; fileRef = 1DADBBC84CCA2E39AC579361 /* Pods_Instant_Meal.framework */; };
/* End PBXBuildFile section */

/* Begin PBXFileReference section */
		1DADBBC84CCA2E39AC579361 /* Pods_Instant_Meal.framework */ = {isa = PBXFileReference; explicitFileType = wrapper.framework; includeInIndex = 0; path = Pods_Instant_Meal.framework; sourceTree = BUILT_PRODUCTS_DIR; };
		4F80DA1D241E11C80028F65D /* SearchViewController.swift */ = {isa = PBXFileReference; fileEncoding = 4; lastKnownFileType = sourcecode.swift; path = SearchViewController.swift; sourceTree = "<group>"; };
		4F96501A241605EE003AF7E7 /* Instant Meal.app */ = {isa = PBXFileReference; explicitFileType = wrapper.application; includeInIndex = 0; path = "Instant Meal.app"; sourceTree = BUILT_PRODUCTS_DIR; };
		4F96501D241605EE003AF7E7 /* AppDelegate.swift */ = {isa = PBXFileReference; lastKnownFileType = sourcecode.swift; path = AppDelegate.swift; sourceTree = "<group>"; };
		4F96501F241605EE003AF7E7 /* SceneDelegate.swift */ = {isa = PBXFileReference; lastKnownFileType = sourcecode.swift; path = SceneDelegate.swift; sourceTree = "<group>"; };
		4F965021241605EE003AF7E7 /* FirstViewController.swift */ = {isa = PBXFileReference; lastKnownFileType = sourcecode.swift; path = FirstViewController.swift; sourceTree = "<group>"; };
		4F965026241605EE003AF7E7 /* Base */ = {isa = PBXFileReference; lastKnownFileType = file.storyboard; name = Base; path = Base.lproj/Main.storyboard; sourceTree = "<group>"; };
		4F965029241605EE003AF7E7 /* Instant_Meal.xcdatamodel */ = {isa = PBXFileReference; lastKnownFileType = wrapper.xcdatamodel; path = Instant_Meal.xcdatamodel; sourceTree = "<group>"; };
		4F96502B241605F1003AF7E7 /* Assets.xcassets */ = {isa = PBXFileReference; lastKnownFileType = folder.assetcatalog; path = Assets.xcassets; sourceTree = "<group>"; };
		4F96502E241605F1003AF7E7 /* Base */ = {isa = PBXFileReference; lastKnownFileType = file.storyboard; name = Base; path = Base.lproj/LaunchScreen.storyboard; sourceTree = "<group>"; };
		4F965030241605F1003AF7E7 /* Info.plist */ = {isa = PBXFileReference; lastKnownFileType = text.plist.xml; path = Info.plist; sourceTree = "<group>"; };
		4F96503624161164003AF7E7 /* AccountViewController.swift */ = {isa = PBXFileReference; lastKnownFileType = sourcecode.swift; path = AccountViewController.swift; sourceTree = "<group>"; };
		4F96503C24162769003AF7E7 /* AccountTableViewController.swift */ = {isa = PBXFileReference; lastKnownFileType = sourcecode.swift; path = AccountTableViewController.swift; sourceTree = "<group>"; };
		500FB3EA90FA533662976231 /* Pods-Instant Meal.debug.xcconfig */ = {isa = PBXFileReference; includeInIndex = 1; lastKnownFileType = text.xcconfig; name = "Pods-Instant Meal.debug.xcconfig"; path = "Target Support Files/Pods-Instant Meal/Pods-Instant Meal.debug.xcconfig"; sourceTree = "<group>"; };
		D2F2F5F4CAC0B52B6DF57225 /* Pods-Instant Meal.release.xcconfig */ = {isa = PBXFileReference; includeInIndex = 1; lastKnownFileType = text.xcconfig; name = "Pods-Instant Meal.release.xcconfig"; path = "Target Support Files/Pods-Instant Meal/Pods-Instant Meal.release.xcconfig"; sourceTree = "<group>"; };
/* End PBXFileReference section */

/* Begin PBXFrameworksBuildPhase section */
		4F965017241605EE003AF7E7 /* Frameworks */ = {
			isa = PBXFrameworksBuildPhase;
			buildActionMask = 2147483647;
			files = (
				66133F9A159D6B25CE92C23F /* Pods_Instant_Meal.framework in Frameworks */,
			);
			runOnlyForDeploymentPostprocessing = 0;
		};
/* End PBXFrameworksBuildPhase section */

/* Begin PBXGroup section */
		408D8D46034A592C9A85E30E /* Frameworks */ = {
			isa = PBXGroup;
			children = (
				1DADBBC84CCA2E39AC579361 /* Pods_Instant_Meal.framework */,
			);
			name = Frameworks;
			sourceTree = "<group>";
		};
		4F965011241605EE003AF7E7 = {
			isa = PBXGroup;
			children = (
				4F96501C241605EE003AF7E7 /* Instant Meal */,
				4F96501B241605EE003AF7E7 /* Products */,
				CD268AA2FEAE7B4D94372F28 /* Pods */,
				408D8D46034A592C9A85E30E /* Frameworks */,
			);
			sourceTree = "<group>";
		};
		4F96501B241605EE003AF7E7 /* Products */ = {
			isa = PBXGroup;
			children = (
				4F96501A241605EE003AF7E7 /* Instant Meal.app */,
			);
			name = Products;
			sourceTree = "<group>";
		};
		4F96501C241605EE003AF7E7 /* Instant Meal */ = {
			isa = PBXGroup;
			children = (
				4F96501D241605EE003AF7E7 /* AppDelegate.swift */,
				4F96501F241605EE003AF7E7 /* SceneDelegate.swift */,
				4F965021241605EE003AF7E7 /* FirstViewController.swift */,
				4F80DA1D241E11C80028F65D /* SearchViewController.swift */,
				4F96503624161164003AF7E7 /* AccountViewController.swift */,
				4F96503C24162769003AF7E7 /* AccountTableViewController.swift */,
				4F965025241605EE003AF7E7 /* Main.storyboard */,
				4F96502B241605F1003AF7E7 /* Assets.xcassets */,
				4F96502D241605F1003AF7E7 /* LaunchScreen.storyboard */,
				4F965030241605F1003AF7E7 /* Info.plist */,
				4F965028241605EE003AF7E7 /* Instant_Meal.xcdatamodeld */,
			);
			path = "Instant Meal";
			sourceTree = "<group>";
		};
		CD268AA2FEAE7B4D94372F28 /* Pods */ = {
			isa = PBXGroup;
			children = (
				500FB3EA90FA533662976231 /* Pods-Instant Meal.debug.xcconfig */,
				D2F2F5F4CAC0B52B6DF57225 /* Pods-Instant Meal.release.xcconfig */,
			);
			path = Pods;
			sourceTree = "<group>";
		};
/* End PBXGroup section */

/* Begin PBXNativeTarget section */
		4F965019241605EE003AF7E7 /* Instant Meal */ = {
			isa = PBXNativeTarget;
			buildConfigurationList = 4F965033241605F1003AF7E7 /* Build configuration list for PBXNativeTarget "Instant Meal" */;
			buildPhases = (
				04C8D754C826838CCF81F130 /* [CP] Check Pods Manifest.lock */,
				4F965016241605EE003AF7E7 /* Sources */,
				4F965017241605EE003AF7E7 /* Frameworks */,
				4F965018241605EE003AF7E7 /* Resources */,
				FB0A2021F4F3E342CBCAC534 /* [CP] Embed Pods Frameworks */,
			);
			buildRules = (
			);
			dependencies = (
			);
			name = "Instant Meal";
			productName = "Instant Meal";
			productReference = 4F96501A241605EE003AF7E7 /* Instant Meal.app */;
			productType = "com.apple.product-type.application";
		};
/* End PBXNativeTarget section */

/* Begin PBXProject section */
		4F965012241605EE003AF7E7 /* Project object */ = {
			isa = PBXProject;
			attributes = {
				LastSwiftUpdateCheck = 1130;
				LastUpgradeCheck = 1130;
				ORGANIZATIONNAME = Newgen;
				TargetAttributes = {
					4F965019241605EE003AF7E7 = {
						CreatedOnToolsVersion = 11.3.1;
					};
				};
			};
			buildConfigurationList = 4F965015241605EE003AF7E7 /* Build configuration list for PBXProject "Instant Meal" */;
			compatibilityVersion = "Xcode 9.3";
			developmentRegion = en;
			hasScannedForEncodings = 0;
			knownRegions = (
				en,
				Base,
			);
			mainGroup = 4F965011241605EE003AF7E7;
			productRefGroup = 4F96501B241605EE003AF7E7 /* Products */;
			projectDirPath = "";
			projectRoot = "";
			targets = (
				4F965019241605EE003AF7E7 /* Instant Meal */,
			);
		};
/* End PBXProject section */

/* Begin PBXResourcesBuildPhase section */
		4F965018241605EE003AF7E7 /* Resources */ = {
			isa = PBXResourcesBuildPhase;
			buildActionMask = 2147483647;
			files = (
				4F96502F241605F1003AF7E7 /* LaunchScreen.storyboard in Resources */,
				4F96502C241605F1003AF7E7 /* Assets.xcassets in Resources */,
				4F965027241605EE003AF7E7 /* Main.storyboard in Resources */,
			);
			runOnlyForDeploymentPostprocessing = 0;
		};
/* End PBXResourcesBuildPhase section */

/* Begin PBXShellScriptBuildPhase section */
		04C8D754C826838CCF81F130 /* [CP] Check Pods Manifest.lock */ = {
			isa = PBXShellScriptBuildPhase;
			buildActionMask = 2147483647;
			files = (
			);
			inputFileListPaths = (
			);
			inputPaths = (
				"${PODS_PODFILE_DIR_PATH}/Podfile.lock",
				"${PODS_ROOT}/Manifest.lock",
			);
			name = "[CP] Check Pods Manifest.lock";
			outputFileListPaths = (
			);
			outputPaths = (
				"$(DERIVED_FILE_DIR)/Pods-Instant Meal-checkManifestLockResult.txt",
			);
			runOnlyForDeploymentPostprocessing = 0;
			shellPath = /bin/sh;
			shellScript = "diff \"${PODS_PODFILE_DIR_PATH}/Podfile.lock\" \"${PODS_ROOT}/Manifest.lock\" > /dev/null\nif [ $? != 0 ] ; then\n    # print error to STDERR\n    echo \"error: The sandbox is not in sync with the Podfile.lock. Run 'pod install' or update your CocoaPods installation.\" >&2\n    exit 1\nfi\n# This output is used by Xcode 'outputs' to avoid re-running this script phase.\necho \"SUCCESS\" > \"${SCRIPT_OUTPUT_FILE_0}\"\n";
			showEnvVarsInLog = 0;
		};
		FB0A2021F4F3E342CBCAC534 /* [CP] Embed Pods Frameworks */ = {
			isa = PBXShellScriptBuildPhase;
			buildActionMask = 2147483647;
			files = (
			);
			inputFileListPaths = (
			);
			inputPaths = (
				"${PODS_ROOT}/Target Support Files/Pods-Instant Meal/Pods-Instant Meal-frameworks.sh",
				"${BUILT_PRODUCTS_DIR}/YNSearch/YNSearch.framework",
			);
			name = "[CP] Embed Pods Frameworks";
			outputFileListPaths = (
			);
			outputPaths = (
				"${TARGET_BUILD_DIR}/${FRAMEWORKS_FOLDER_PATH}/YNSearch.framework",
			);
			runOnlyForDeploymentPostprocessing = 0;
			shellPath = /bin/sh;
			shellScript = "\"${PODS_ROOT}/Target Support Files/Pods-Instant Meal/Pods-Instant Meal-frameworks.sh\"\n";
			showEnvVarsInLog = 0;
		};
/* End PBXShellScriptBuildPhase section */

/* Begin PBXSourcesBuildPhase section */
		4F965016241605EE003AF7E7 /* Sources */ = {
			isa = PBXSourcesBuildPhase;
			buildActionMask = 2147483647;
			files = (
				4F965022241605EE003AF7E7 /* FirstViewController.swift in Sources */,
				4F80DA1E241E11C80028F65D /* SearchViewController.swift in Sources */,
				4F96503D24162769003AF7E7 /* AccountTableViewController.swift in Sources */,
				4F96503724161164003AF7E7 /* AccountViewController.swift in Sources */,
				4F96501E241605EE003AF7E7 /* AppDelegate.swift in Sources */,
				4F96502A241605EE003AF7E7 /* Instant_Meal.xcdatamodeld in Sources */,
				4F965020241605EE003AF7E7 /* SceneDelegate.swift in Sources */,
			);
			runOnlyForDeploymentPostprocessing = 0;
		};
/* End PBXSourcesBuildPhase section */

/* Begin PBXVariantGroup section */
		4F965025241605EE003AF7E7 /* Main.storyboard */ = {
			isa = PBXVariantGroup;
			children = (
				4F965026241605EE003AF7E7 /* Base */,
			);
			name = Main.storyboard;
			sourceTree = "<group>";
		};
		4F96502D241605F1003AF7E7 /* LaunchScreen.storyboard */ = {
			isa = PBXVariantGroup;
			children = (
				4F96502E241605F1003AF7E7 /* Base */,
			);
			name = LaunchScreen.storyboard;
			sourceTree = "<group>";
		};
/* End PBXVariantGroup section */

/* Begin XCBuildConfiguration section */
		4F965031241605F1003AF7E7 /* Debug */ = {
			isa = XCBuildConfiguration;
			buildSettings = {
				ALWAYS_SEARCH_USER_PATHS = NO;
				CLANG_ANALYZER_NONNULL = YES;
				CLANG_ANALYZER_NUMBER_OBJECT_CONVERSION = YES_AGGRESSIVE;
				CLANG_CXX_LANGUAGE_STANDARD = "gnu++14";
				CLANG_CXX_LIBRARY = "libc++";
				CLANG_ENABLE_MODULES = YES;
				CLANG_ENABLE_OBJC_ARC = YES;
				CLANG_ENABLE_OBJC_WEAK = YES;
				CLANG_WARN_BLOCK_CAPTURE_AUTORELEASING = YES;
				CLANG_WARN_BOOL_CONVERSION = YES;
				CLANG_WARN_COMMA = YES;
				CLANG_WARN_CONSTANT_CONVERSION = YES;
				CLANG_WARN_DEPRECATED_OBJC_IMPLEMENTATIONS = YES;
				CLANG_WARN_DIRECT_OBJC_ISA_USAGE = YES_ERROR;
				CLANG_WARN_DOCUMENTATION_COMMENTS = YES;
				CLANG_WARN_EMPTY_BODY = YES;
				CLANG_WARN_ENUM_CONVERSION = YES;
				CLANG_WARN_INFINITE_RECURSION = YES;
				CLANG_WARN_INT_CONVERSION = YES;
				CLANG_WARN_NON_LITERAL_NULL_CONVERSION = YES;
				CLANG_WARN_OBJC_IMPLICIT_RETAIN_SELF = YES;
				CLANG_WARN_OBJC_LITERAL_CONVERSION = YES;
				CLANG_WARN_OBJC_ROOT_CLASS = YES_ERROR;
				CLANG_WARN_RANGE_LOOP_ANALYSIS = YES;
				CLANG_WARN_STRICT_PROTOTYPES = YES;
				CLANG_WARN_SUSPICIOUS_MOVE = YES;
				CLANG_WARN_UNGUARDED_AVAILABILITY = YES_AGGRESSIVE;
				CLANG_WARN_UNREACHABLE_CODE = YES;
				CLANG_WARN__DUPLICATE_METHOD_MATCH = YES;
				COPY_PHASE_STRIP = NO;
				DEBUG_INFORMATION_FORMAT = dwarf;
				ENABLE_STRICT_OBJC_MSGSEND = YES;
				ENABLE_TESTABILITY = YES;
				GCC_C_LANGUAGE_STANDARD = gnu11;
				GCC_DYNAMIC_NO_PIC = NO;
				GCC_NO_COMMON_BLOCKS = YES;
				GCC_OPTIMIZATION_LEVEL = 0;
				GCC_PREPROCESSOR_DEFINITIONS = (
					"DEBUG=1",
					"$(inherited)",
				);
				GCC_WARN_64_TO_32_BIT_CONVERSION = YES;
				GCC_WARN_ABOUT_RETURN_TYPE = YES_ERROR;
				GCC_WARN_UNDECLARED_SELECTOR = YES;
				GCC_WARN_UNINITIALIZED_AUTOS = YES_AGGRESSIVE;
				GCC_WARN_UNUSED_FUNCTION = YES;
				GCC_WARN_UNUSED_VARIABLE = YES;
				IPHONEOS_DEPLOYMENT_TARGET = 13.2;
				MTL_ENABLE_DEBUG_INFO = INCLUDE_SOURCE;
				MTL_FAST_MATH = YES;
				ONLY_ACTIVE_ARCH = YES;
				SDKROOT = iphoneos;
				SWIFT_ACTIVE_COMPILATION_CONDITIONS = DEBUG;
				SWIFT_OPTIMIZATION_LEVEL = "-Onone";
			};
			name = Debug;
		};
		4F965032241605F1003AF7E7 /* Release */ = {
			isa = XCBuildConfiguration;
			buildSettings = {
				ALWAYS_SEARCH_USER_PATHS = NO;
				CLANG_ANALYZER_NONNULL = YES;
				CLANG_ANALYZER_NUMBER_OBJECT_CONVERSION = YES_AGGRESSIVE;
				CLANG_CXX_LANGUAGE_STANDARD = "gnu++14";
				CLANG_CXX_LIBRARY = "libc++";
				CLANG_ENABLE_MODULES = YES;
				CLANG_ENABLE_OBJC_ARC = YES;
				CLANG_ENABLE_OBJC_WEAK = YES;
				CLANG_WARN_BLOCK_CAPTURE_AUTORELEASING = YES;
				CLANG_WARN_BOOL_CONVERSION = YES;
				CLANG_WARN_COMMA = YES;
				CLANG_WARN_CONSTANT_CONVERSION = YES;
				CLANG_WARN_DEPRECATED_OBJC_IMPLEMENTATIONS = YES;
				CLANG_WARN_DIRECT_OBJC_ISA_USAGE = YES_ERROR;
				CLANG_WARN_DOCUMENTATION_COMMENTS = YES;
				CLANG_WARN_EMPTY_BODY = YES;
				CLANG_WARN_ENUM_CONVERSION = YES;
				CLANG_WARN_INFINITE_RECURSION = YES;
				CLANG_WARN_INT_CONVERSION = YES;
				CLANG_WARN_NON_LITERAL_NULL_CONVERSION = YES;
				CLANG_WARN_OBJC_IMPLICIT_RETAIN_SELF = YES;
				CLANG_WARN_OBJC_LITERAL_CONVERSION = YES;
				CLANG_WARN_OBJC_ROOT_CLASS = YES_ERROR;
				CLANG_WARN_RANGE_LOOP_ANALYSIS = YES;
				CLANG_WARN_STRICT_PROTOTYPES = YES;
				CLANG_WARN_SUSPICIOUS_MOVE = YES;
				CLANG_WARN_UNGUARDED_AVAILABILITY = YES_AGGRESSIVE;
				CLANG_WARN_UNREACHABLE_CODE = YES;
				CLANG_WARN__DUPLICATE_METHOD_MATCH = YES;
				COPY_PHASE_STRIP = NO;
				DEBUG_INFORMATION_FORMAT = "dwarf-with-dsym";
				ENABLE_NS_ASSERTIONS = NO;
				ENABLE_STRICT_OBJC_MSGSEND = YES;
				GCC_C_LANGUAGE_STANDARD = gnu11;
				GCC_NO_COMMON_BLOCKS = YES;
				GCC_WARN_64_TO_32_BIT_CONVERSION = YES;
				GCC_WARN_ABOUT_RETURN_TYPE = YES_ERROR;
				GCC_WARN_UNDECLARED_SELECTOR = YES;
				GCC_WARN_UNINITIALIZED_AUTOS = YES_AGGRESSIVE;
				GCC_WARN_UNUSED_FUNCTION = YES;
				GCC_WARN_UNUSED_VARIABLE = YES;
				IPHONEOS_DEPLOYMENT_TARGET = 13.2;
				MTL_ENABLE_DEBUG_INFO = NO;
				MTL_FAST_MATH = YES;
				SDKROOT = iphoneos;
				SWIFT_COMPILATION_MODE = wholemodule;
				SWIFT_OPTIMIZATION_LEVEL = "-O";
				VALIDATE_PRODUCT = YES;
			};
			name = Release;
		};
		4F965034241605F1003AF7E7 /* Debug */ = {
			isa = XCBuildConfiguration;
			baseConfigurationReference = 500FB3EA90FA533662976231 /* Pods-Instant Meal.debug.xcconfig */;
			buildSettings = {
				ASSETCATALOG_COMPILER_APPICON_NAME = AppIcon;
				CODE_SIGN_STYLE = Automatic;
				INFOPLIST_FILE = "Instant Meal/Info.plist";
				IPHONEOS_DEPLOYMENT_TARGET = 13.0;
				LD_RUNPATH_SEARCH_PATHS = (
					"$(inherited)",
					"@executable_path/Frameworks",
				);
				PRODUCT_BUNDLE_IDENTIFIER = "com.mdashikulislam.razzak.tanim.instantmeal.Instant-Meal";
				PRODUCT_NAME = "$(TARGET_NAME)";
				SWIFT_VERSION = 5.0;
				TARGETED_DEVICE_FAMILY = "1,2";
			};
			name = Debug;
		};
		4F965035241605F1003AF7E7 /* Release */ = {
			isa = XCBuildConfiguration;
			baseConfigurationReference = D2F2F5F4CAC0B52B6DF57225 /* Pods-Instant Meal.release.xcconfig */;
			buildSettings = {
				ASSETCATALOG_COMPILER_APPICON_NAME = AppIcon;
				CODE_SIGN_STYLE = Automatic;
				INFOPLIST_FILE = "Instant Meal/Info.plist";
				IPHONEOS_DEPLOYMENT_TARGET = 13.0;
				LD_RUNPATH_SEARCH_PATHS = (
					"$(inherited)",
					"@executable_path/Frameworks",
				);
				PRODUCT_BUNDLE_IDENTIFIER = "com.mdashikulislam.razzak.tanim.instantmeal.Instant-Meal";
				PRODUCT_NAME = "$(TARGET_NAME)";
				SWIFT_VERSION = 5.0;
				TARGETED_DEVICE_FAMILY = "1,2";
			};
			name = Release;
		};
/* End XCBuildConfiguration section */

/* Begin XCConfigurationList section */
		4F965015241605EE003AF7E7 /* Build configuration list for PBXProject "Instant Meal" */ = {
			isa = XCConfigurationList;
			buildConfigurations = (
				4F965031241605F1003AF7E7 /* Debug */,
				4F965032241605F1003AF7E7 /* Release */,
			);
			defaultConfigurationIsVisible = 0;
			defaultConfigurationName = Release;
		};
		4F965033241605F1003AF7E7 /* Build configuration list for PBXNativeTarget "Instant Meal" */ = {
			isa = XCConfigurationList;
			buildConfigurations = (
				4F965034241605F1003AF7E7 /* Debug */,
				4F965035241605F1003AF7E7 /* Release */,
			);
			defaultConfigurationIsVisible = 0;
			defaultConfigurationName = Release;
		};
/* End XCConfigurationList section */

/* Begin XCVersionGroup section */
		4F965028241605EE003AF7E7 /* Instant_Meal.xcdatamodeld */ = {
			isa = XCVersionGroup;
			children = (
				4F965029241605EE003AF7E7 /* Instant_Meal.xcdatamodel */,
			);
			currentVersion = 4F965029241605EE003AF7E7 /* Instant_Meal.xcdatamodel */;
			path = Instant_Meal.xcdatamodeld;
			sourceTree = "<group>";
			versionGroupType = wrapper.xcdatamodel;
		};
/* End XCVersionGroup section */
	};
	rootObject = 4F965012241605EE003AF7E7 /* Project object */;
}
